// !$*UTF8*$!
{
	archiveVersion = 1;
	classes = {
	};
	objectVersion = 55;
	objects = {

/* Begin PBXBuildFile section */
		AC35FB0128AA28E5007295FD /* AppDelegate.swift in Sources */ = {isa = PBXBuildFile; fileRef = AC35FB0028AA28E5007295FD /* AppDelegate.swift */; };
		AC35FB0328AA28E5007295FD /* SceneDelegate.swift in Sources */ = {isa = PBXBuildFile; fileRef = AC35FB0228AA28E5007295FD /* SceneDelegate.swift */; };
		AC35FB0828AA28E5007295FD /* Main.storyboard in Resources */ = {isa = PBXBuildFile; fileRef = AC35FB0628AA28E5007295FD /* Main.storyboard */; };
		AC35FB0A28AA28E9007295FD /* Assets.xcassets in Resources */ = {isa = PBXBuildFile; fileRef = AC35FB0928AA28E9007295FD /* Assets.xcassets */; };
		AC35FB0D28AA28E9007295FD /* LaunchScreen.storyboard in Resources */ = {isa = PBXBuildFile; fileRef = AC35FB0B28AA28E9007295FD /* LaunchScreen.storyboard */; };
		AC35FB1528AA2A6E007295FD /* ListTVC.swift in Sources */ = {isa = PBXBuildFile; fileRef = AC35FB1428AA2A6E007295FD /* ListTVC.swift */; };
		AC35FB3C28AA5500007295FD /* Constants.swift in Sources */ = {isa = PBXBuildFile; fileRef = AC35FB3B28AA5500007295FD /* Constants.swift */; };
		AC35FB3F28AA55E6007295FD /* NetworkWeatherManager.swift in Sources */ = {isa = PBXBuildFile; fileRef = AC35FB3E28AA55E6007295FD /* NetworkWeatherManager.swift */; };
		AC35FB4128AA59A6007295FD /* WeatherData.swift in Sources */ = {isa = PBXBuildFile; fileRef = AC35FB4028AA59A6007295FD /* WeatherData.swift */; };
		AC35FB4328AA5FC5007295FD /* Weather.swift in Sources */ = {isa = PBXBuildFile; fileRef = AC35FB4228AA5FC5007295FD /* Weather.swift */; };
/* End PBXBuildFile section */

/* Begin PBXFileReference section */
		AC35FAFD28AA28E5007295FD /* Weather.app */ = {isa = PBXFileReference; explicitFileType = wrapper.application; includeInIndex = 0; path = Weather.app; sourceTree = BUILT_PRODUCTS_DIR; };
		AC35FB0028AA28E5007295FD /* AppDelegate.swift */ = {isa = PBXFileReference; lastKnownFileType = sourcecode.swift; path = AppDelegate.swift; sourceTree = "<group>"; };
		AC35FB0228AA28E5007295FD /* SceneDelegate.swift */ = {isa = PBXFileReference; lastKnownFileType = sourcecode.swift; path = SceneDelegate.swift; sourceTree = "<group>"; };
		AC35FB0728AA28E5007295FD /* Base */ = {isa = PBXFileReference; lastKnownFileType = file.storyboard; name = Base; path = Base.lproj/Main.storyboard; sourceTree = "<group>"; };
		AC35FB0928AA28E9007295FD /* Assets.xcassets */ = {isa = PBXFileReference; lastKnownFileType = folder.assetcatalog; path = Assets.xcassets; sourceTree = "<group>"; };
		AC35FB0C28AA28E9007295FD /* Base */ = {isa = PBXFileReference; lastKnownFileType = file.storyboard; name = Base; path = Base.lproj/LaunchScreen.storyboard; sourceTree = "<group>"; };
		AC35FB0E28AA28E9007295FD /* Info.plist */ = {isa = PBXFileReference; lastKnownFileType = text.plist.xml; path = Info.plist; sourceTree = "<group>"; };
		AC35FB1428AA2A6E007295FD /* ListTVC.swift */ = {isa = PBXFileReference; lastKnownFileType = sourcecode.swift; path = ListTVC.swift; sourceTree = "<group>"; };
		AC35FB3B28AA5500007295FD /* Constants.swift */ = {isa = PBXFileReference; lastKnownFileType = sourcecode.swift; path = Constants.swift; sourceTree = "<group>"; };
		AC35FB3E28AA55E6007295FD /* NetworkWeatherManager.swift */ = {isa = PBXFileReference; lastKnownFileType = sourcecode.swift; path = NetworkWeatherManager.swift; sourceTree = "<group>"; };
		AC35FB4028AA59A6007295FD /* WeatherData.swift */ = {isa = PBXFileReference; lastKnownFileType = sourcecode.swift; path = WeatherData.swift; sourceTree = "<group>"; };
		AC35FB4228AA5FC5007295FD /* Weather.swift */ = {isa = PBXFileReference; lastKnownFileType = sourcecode.swift; path = Weather.swift; sourceTree = "<group>"; };
/* End PBXFileReference section */

/* Begin PBXFrameworksBuildPhase section */
		AC35FAFA28AA28E5007295FD /* Frameworks */ = {
			isa = PBXFrameworksBuildPhase;
			buildActionMask = 2147483647;
			files = (
			);
			runOnlyForDeploymentPostprocessing = 0;
		};
/* End PBXFrameworksBuildPhase section */

/* Begin PBXGroup section */
		AC35FAF428AA28E5007295FD = {
			isa = PBXGroup;
			children = (
				AC35FAFF28AA28E5007295FD /* Weather */,
				AC35FAFE28AA28E5007295FD /* Products */,
			);
			sourceTree = "<group>";
		};
		AC35FAFE28AA28E5007295FD /* Products */ = {
			isa = PBXGroup;
			children = (
				AC35FAFD28AA28E5007295FD /* Weather.app */,
			);
			name = Products;
			sourceTree = "<group>";
		};
		AC35FAFF28AA28E5007295FD /* Weather */ = {
			isa = PBXGroup;
			children = (
				AC35FB3828AA53D0007295FD /* Model */,
				AC35FB3A28AA53FE007295FD /* Supporting files */,
				AC35FB3928AA53E4007295FD /* Views */,
			);
			path = Weather;
			sourceTree = "<group>";
		};
		AC35FB3828AA53D0007295FD /* Model */ = {
			isa = PBXGroup;
			children = (
				AC35FB3E28AA55E6007295FD /* NetworkWeatherManager.swift */,
				AC35FB4028AA59A6007295FD /* WeatherData.swift */,
				AC35FB4228AA5FC5007295FD /* Weather.swift */,
			);
			path = Model;
			sourceTree = "<group>";
		};
		AC35FB3928AA53E4007295FD /* Views */ = {
			isa = PBXGroup;
			children = (
				AC35FB0628AA28E5007295FD /* Main.storyboard */,
				AC35FB0B28AA28E9007295FD /* LaunchScreen.storyboard */,
				AC35FB1428AA2A6E007295FD /* ListTVC.swift */,
			);
			path = Views;
			sourceTree = "<group>";
		};
		AC35FB3A28AA53FE007295FD /* Supporting files */ = {
			isa = PBXGroup;
			children = (
				AC35FB0028AA28E5007295FD /* AppDelegate.swift */,
				AC35FB0228AA28E5007295FD /* SceneDelegate.swift */,
				AC35FB0928AA28E9007295FD /* Assets.xcassets */,
				AC35FB0E28AA28E9007295FD /* Info.plist */,
				AC35FB3B28AA5500007295FD /* Constants.swift */,
			);
			path = "Supporting files";
			sourceTree = "<group>";
		};
/* End PBXGroup section */

/* Begin PBXNativeTarget section */
		AC35FAFC28AA28E5007295FD /* Weather */ = {
			isa = PBXNativeTarget;
			buildConfigurationList = AC35FB1128AA28E9007295FD /* Build configuration list for PBXNativeTarget "Weather" */;
			buildPhases = (
				AC35FAF928AA28E5007295FD /* Sources */,
				AC35FAFA28AA28E5007295FD /* Frameworks */,
				AC35FAFB28AA28E5007295FD /* Resources */,
			);
			buildRules = (
			);
			dependencies = (
			);
			name = Weather;
			productName = Weather;
			productReference = AC35FAFD28AA28E5007295FD /* Weather.app */;
			productType = "com.apple.product-type.application";
		};
/* End PBXNativeTarget section */

/* Begin PBXProject section */
		AC35FAF528AA28E5007295FD /* Project object */ = {
			isa = PBXProject;
			attributes = {
				BuildIndependentTargetsInParallel = 1;
				LastSwiftUpdateCheck = 1340;
				LastUpgradeCheck = 1340;
				TargetAttributes = {
					AC35FAFC28AA28E5007295FD = {
						CreatedOnToolsVersion = 13.4.1;
					};
				};
			};
			buildConfigurationList = AC35FAF828AA28E5007295FD /* Build configuration list for PBXProject "Weather" */;
			compatibilityVersion = "Xcode 13.0";
			developmentRegion = en;
			hasScannedForEncodings = 0;
			knownRegions = (
				en,
				Base,
			);
			mainGroup = AC35FAF428AA28E5007295FD;
			productRefGroup = AC35FAFE28AA28E5007295FD /* Products */;
			projectDirPath = "";
			projectRoot = "";
			targets = (
				AC35FAFC28AA28E5007295FD /* Weather */,
			);
		};
/* End PBXProject section */

/* Begin PBXResourcesBuildPhase section */
		AC35FAFB28AA28E5007295FD /* Resources */ = {
			isa = PBXResourcesBuildPhase;
			buildActionMask = 2147483647;
			files = (
				AC35FB0D28AA28E9007295FD /* LaunchScreen.storyboard in Resources */,
				AC35FB0A28AA28E9007295FD /* Assets.xcassets in Resources */,
				AC35FB0828AA28E5007295FD /* Main.storyboard in Resources */,
			);
			runOnlyForDeploymentPostprocessing = 0;
		};
/* End PBXResourcesBuildPhase section */

/* Begin PBXSourcesBuildPhase section */
		AC35FAF928AA28E5007295FD /* Sources */ = {
			isa = PBXSourcesBuildPhase;
			buildActionMask = 2147483647;
			files = (
				AC35FB1528AA2A6E007295FD /* ListTVC.swift in Sources */,
				AC35FB0128AA28E5007295FD /* AppDelegate.swift in Sources */,
				AC35FB3F28AA55E6007295FD /* NetworkWeatherManager.swift in Sources */,
				AC35FB0328AA28E5007295FD /* SceneDelegate.swift in Sources */,
				AC35FB4128AA59A6007295FD /* WeatherData.swift in Sources */,
				AC35FB3C28AA5500007295FD /* Constants.swift in Sources */,
				AC35FB4328AA5FC5007295FD /* Weather.swift in Sources */,
			);
			runOnlyForDeploymentPostprocessing = 0;
		};
/* End PBXSourcesBuildPhase section */

/* Begin PBXVariantGroup section */
		AC35FB0628AA28E5007295FD /* Main.storyboard */ = {
			isa = PBXVariantGroup;
			children = (
				AC35FB0728AA28E5007295FD /* Base */,
			);
			name = Main.storyboard;
			sourceTree = "<group>";
		};
		AC35FB0B28AA28E9007295FD /* LaunchScreen.storyboard */ = {
			isa = PBXVariantGroup;
			children = (
				AC35FB0C28AA28E9007295FD /* Base */,
			);
			name = LaunchScreen.storyboard;
			sourceTree = "<group>";
		};
/* End PBXVariantGroup section */

/* Begin XCBuildConfiguration section */
		AC35FB0F28AA28E9007295FD /* Debug */ = {
			isa = XCBuildConfiguration;
			buildSettings = {
				ALWAYS_SEARCH_USER_PATHS = NO;
				CLANG_ANALYZER_NONNULL = YES;
				CLANG_ANALYZER_NUMBER_OBJECT_CONVERSION = YES_AGGRESSIVE;
				CLANG_CXX_LANGUAGE_STANDARD = "gnu++17";
				CLANG_ENABLE_MODULES = YES;
				CLANG_ENABLE_OBJC_ARC = YES;
				CLANG_ENABLE_OBJC_WEAK = YES;
				CLANG_WARN_BLOCK_CAPTURE_AUTORELEASING = YES;
				CLANG_WARN_BOOL_CONVERSION = YES;
				CLANG_WARN_COMMA = YES;
				CLANG_WARN_CONSTANT_CONVERSION = YES;
				CLANG_WARN_DEPRECATED_OBJC_IMPLEMENTATIONS = YES;
				CLANG_WARN_DIRECT_OBJC_ISA_USAGE = YES_ERROR;
				CLANG_WARN_DOCUMENTATION_COMMENTS = YES;
				CLANG_WARN_EMPTY_BODY = YES;
				CLANG_WARN_ENUM_CONVERSION = YES;
				CLANG_WARN_INFINITE_RECURSION = YES;
				CLANG_WARN_INT_CONVERSION = YES;
				CLANG_WARN_NON_LITERAL_NULL_CONVERSION = YES;
				CLANG_WARN_OBJC_IMPLICIT_RETAIN_SELF = YES;
				CLANG_WARN_OBJC_LITERAL_CONVERSION = YES;
				CLANG_WARN_OBJC_ROOT_CLASS = YES_ERROR;
				CLANG_WARN_QUOTED_INCLUDE_IN_FRAMEWORK_HEADER = YES;
				CLANG_WARN_RANGE_LOOP_ANALYSIS = YES;
				CLANG_WARN_STRICT_PROTOTYPES = YES;
				CLANG_WARN_SUSPICIOUS_MOVE = YES;
				CLANG_WARN_UNGUARDED_AVAILABILITY = YES_AGGRESSIVE;
				CLANG_WARN_UNREACHABLE_CODE = YES;
				CLANG_WARN__DUPLICATE_METHOD_MATCH = YES;
				COPY_PHASE_STRIP = NO;
				DEBUG_INFORMATION_FORMAT = dwarf;
				ENABLE_STRICT_OBJC_MSGSEND = YES;
				ENABLE_TESTABILITY = YES;
				GCC_C_LANGUAGE_STANDARD = gnu11;
				GCC_DYNAMIC_NO_PIC = NO;
				GCC_NO_COMMON_BLOCKS = YES;
				GCC_OPTIMIZATION_LEVEL = 0;
				GCC_PREPROCESSOR_DEFINITIONS = (
					"DEBUG=1",
					"$(inherited)",
				);
				GCC_WARN_64_TO_32_BIT_CONVERSION = YES;
				GCC_WARN_ABOUT_RETURN_TYPE = YES_ERROR;
				GCC_WARN_UNDECLARED_SELECTOR = YES;
				GCC_WARN_UNINITIALIZED_AUTOS = YES_AGGRESSIVE;
				GCC_WARN_UNUSED_FUNCTION = YES;
				GCC_WARN_UNUSED_VARIABLE = YES;
				IPHONEOS_DEPLOYMENT_TARGET = 15.5;
				MTL_ENABLE_DEBUG_INFO = INCLUDE_SOURCE;
				MTL_FAST_MATH = YES;
				ONLY_ACTIVE_ARCH = YES;
				SDKROOT = iphoneos;
				SWIFT_ACTIVE_COMPILATION_CONDITIONS = DEBUG;
				SWIFT_OPTIMIZATION_LEVEL = "-Onone";
			};
			name = Debug;
		};
		AC35FB1028AA28E9007295FD /* Release */ = {
			isa = XCBuildConfiguration;
			buildSettings = {
				ALWAYS_SEARCH_USER_PATHS = NO;
				CLANG_ANALYZER_NONNULL = YES;
				CLANG_ANALYZER_NUMBER_OBJECT_CONVERSION = YES_AGGRESSIVE;
				CLANG_CXX_LANGUAGE_STANDARD = "gnu++17";
				CLANG_ENABLE_MODULES = YES;
				CLANG_ENABLE_OBJC_ARC = YES;
				CLANG_ENABLE_OBJC_WEAK = YES;
				CLANG_WARN_BLOCK_CAPTURE_AUTORELEASING = YES;
				CLANG_WARN_BOOL_CONVERSION = YES;
				CLANG_WARN_COMMA = YES;
				CLANG_WARN_CONSTANT_CONVERSION = YES;
				CLANG_WARN_DEPRECATED_OBJC_IMPLEMENTATIONS = YES;
				CLANG_WARN_DIRECT_OBJC_ISA_USAGE = YES_ERROR;
				CLANG_WARN_DOCUMENTATION_COMMENTS = YES;
				CLANG_WARN_EMPTY_BODY = YES;
				CLANG_WARN_ENUM_CONVERSION = YES;
				CLANG_WARN_INFINITE_RECURSION = YES;
				CLANG_WARN_INT_CONVERSION = YES;
				CLANG_WARN_NON_LITERAL_NULL_CONVERSION = YES;
				CLANG_WARN_OBJC_IMPLICIT_RETAIN_SELF = YES;
				CLANG_WARN_OBJC_LITERAL_CONVERSION = YES;
				CLANG_WARN_OBJC_ROOT_CLASS = YES_ERROR;
				CLANG_WARN_QUOTED_INCLUDE_IN_FRAMEWORK_HEADER = YES;
				CLANG_WARN_RANGE_LOOP_ANALYSIS = YES;
				CLANG_WARN_STRICT_PROTOTYPES = YES;
				CLANG_WARN_SUSPICIOUS_MOVE = YES;
				CLANG_WARN_UNGUARDED_AVAILABILITY = YES_AGGRESSIVE;
				CLANG_WARN_UNREACHABLE_CODE = YES;
				CLANG_WARN__DUPLICATE_METHOD_MATCH = YES;
				COPY_PHASE_STRIP = NO;
				DEBUG_INFORMATION_FORMAT = "dwarf-with-dsym";
				ENABLE_NS_ASSERTIONS = NO;
				ENABLE_STRICT_OBJC_MSGSEND = YES;
				GCC_C_LANGUAGE_STANDARD = gnu11;
				GCC_NO_COMMON_BLOCKS = YES;
				GCC_WARN_64_TO_32_BIT_CONVERSION = YES;
				GCC_WARN_ABOUT_RETURN_TYPE = YES_ERROR;
				GCC_WARN_UNDECLARED_SELECTOR = YES;
				GCC_WARN_UNINITIALIZED_AUTOS = YES_AGGRESSIVE;
				GCC_WARN_UNUSED_FUNCTION = YES;
				GCC_WARN_UNUSED_VARIABLE = YES;
				IPHONEOS_DEPLOYMENT_TARGET = 15.5;
				MTL_ENABLE_DEBUG_INFO = NO;
				MTL_FAST_MATH = YES;
				SDKROOT = iphoneos;
				SWIFT_COMPILATION_MODE = wholemodule;
				SWIFT_OPTIMIZATION_LEVEL = "-O";
				VALIDATE_PRODUCT = YES;
			};
			name = Release;
		};
		AC35FB1228AA28E9007295FD /* Debug */ = {
			isa = XCBuildConfiguration;
			buildSettings = {
				ASSETCATALOG_COMPILER_APPICON_NAME = AppIcon;
				ASSETCATALOG_COMPILER_GLOBAL_ACCENT_COLOR_NAME = AccentColor;
				CODE_SIGN_STYLE = Automatic;
				CURRENT_PROJECT_VERSION = 1;
				DEVELOPMENT_TEAM = VTP9H54JX3;
				GENERATE_INFOPLIST_FILE = YES;
				INFOPLIST_FILE = "Weather/Supporting files/Info.plist";
				INFOPLIST_KEY_UIApplicationSupportsIndirectInputEvents = YES;
				INFOPLIST_KEY_UILaunchStoryboardName = LaunchScreen;
				INFOPLIST_KEY_UIMainStoryboardFile = Main;
				INFOPLIST_KEY_UISupportedInterfaceOrientations = UIInterfaceOrientationPortrait;
				INFOPLIST_KEY_UISupportedInterfaceOrientations_iPad = "UIInterfaceOrientationPortrait UIInterfaceOrientationPortraitUpsideDown UIInterfaceOrientationLandscapeLeft UIInterfaceOrientationLandscapeRight";
				INFOPLIST_KEY_UISupportedInterfaceOrientations_iPhone = "UIInterfaceOrientationPortrait UIInterfaceOrientationLandscapeLeft UIInterfaceOrientationLandscapeRight";
				LD_RUNPATH_SEARCH_PATHS = (
					"$(inherited)",
					"@executable_path/Frameworks",
				);
				MARKETING_VERSION = 1.0;
				PRODUCT_BUNDLE_IDENTIFIER = me.avsrb.Weather;
				PRODUCT_NAME = "$(TARGET_NAME)";
				SWIFT_EMIT_LOC_STRINGS = YES;
				SWIFT_VERSION = 5.0;
				TARGETED_DEVICE_FAMILY = 1;
			};
			name = Debug;
		};
		AC35FB1328AA28E9007295FD /* Release */ = {
			isa = XCBuildConfiguration;
			buildSettings = {
				ASSETCATALOG_COMPILER_APPICON_NAME = AppIcon;
				ASSETCATALOG_COMPILER_GLOBAL_ACCENT_COLOR_NAME = AccentColor;
				CODE_SIGN_STYLE = Automatic;
				CURRENT_PROJECT_VERSION = 1;
				DEVELOPMENT_TEAM = VTP9H54JX3;
				GENERATE_INFOPLIST_FILE = YES;
				INFOPLIST_FILE = "Weather/Supporting files/Info.plist";
				INFOPLIST_KEY_UIApplicationSupportsIndirectInputEvents = YES;
				INFOPLIST_KEY_UILaunchStoryboardName = LaunchScreen;
				INFOPLIST_KEY_UIMainStoryboardFile = Main;
				INFOPLIST_KEY_UISupportedInterfaceOrientations = UIInterfaceOrientationPortrait;
				INFOPLIST_KEY_UISupportedInterfaceOrientations_iPad = "UIInterfaceOrientationPortrait UIInterfaceOrientationPortraitUpsideDown UIInterfaceOrientationLandscapeLeft UIInterfaceOrientationLandscapeRight";
				INFOPLIST_KEY_UISupportedInterfaceOrientations_iPhone = "UIInterfaceOrientationPortrait UIInterfaceOrientationLandscapeLeft UIInterfaceOrientationLandscapeRight";
				LD_RUNPATH_SEARCH_PATHS = (
					"$(inherited)",
					"@executable_path/Frameworks",
				);
				MARKETING_VERSION = 1.0;
				PRODUCT_BUNDLE_IDENTIFIER = me.avsrb.Weather;
				PRODUCT_NAME = "$(TARGET_NAME)";
				SWIFT_EMIT_LOC_STRINGS = YES;
				SWIFT_VERSION = 5.0;
				TARGETED_DEVICE_FAMILY = 1;
			};
			name = Release;
		};
/* End XCBuildConfiguration section */

/* Begin XCConfigurationList section */
		AC35FAF828AA28E5007295FD /* Build configuration list for PBXProject "Weather" */ = {
			isa = XCConfigurationList;
			buildConfigurations = (
				AC35FB0F28AA28E9007295FD /* Debug */,
				AC35FB1028AA28E9007295FD /* Release */,
			);
			defaultConfigurationIsVisible = 0;
			defaultConfigurationName = Release;
		};
		AC35FB1128AA28E9007295FD /* Build configuration list for PBXNativeTarget "Weather" */ = {
			isa = XCConfigurationList;
			buildConfigurations = (
				AC35FB1228AA28E9007295FD /* Debug */,
				AC35FB1328AA28E9007295FD /* Release */,
			);
			defaultConfigurationIsVisible = 0;
			defaultConfigurationName = Release;
		};
/* End XCConfigurationList section */
	};
	rootObject = AC35FAF528AA28E5007295FD /* Project object */;
}
